
Microsoft Visual Studio Solution File, Format Version 12.00
# Visual Studio 15
VisualStudioVersion = 15.0.28307.572
MinimumVisualStudioVersion = 10.0.40219.1
Project("{FAE04EC0-301F-11D3-BF4B-00C04F79EFBC}") = "ThxLivet", "ThxLivet\ThxLivet.csproj", "{711583FC-C67E-48AE-AC0C-CC7A79FAC029}"
EndProject
Global
	GlobalSection(SolutionConfigurationPlatforms) = preSolution
		Debug|Any CPU = Debug|Any CPU
		Release|Any CPU = Release|Any CPU
	EndGlobalSection
	GlobalSection(ProjectConfigurationPlatforms) = postSolution
		{711583FC-C67E-48AE-AC0C-CC7A79FAC029}.Debug|Any CPU.ActiveCfg = Debug|Any CPU
		{711583FC-C67E-48AE-AC0C-CC7A79FAC029}.Debug|Any CPU.Build.0 = Debug|Any CPU
		{711583FC-C67E-48AE-AC0C-CC7A79FAC029}.Release|Any CPU.ActiveCfg = Release|Any CPU
		{711583FC-C67E-48AE-AC0C-CC7A79FAC029}.Release|Any CPU.Build.0 = Release|Any CPU
	EndGlobalSection
	GlobalSection(SolutionProperties) = preSolution
		HideSolutionNode = FALSE
	EndGlobalSection
	GlobalSection(ExtensibilityGlobals) = postSolution
		SolutionGuid = {45509CC0-3579-4839-957F-164113F72320}
	EndGlobalSection
EndGlobal
